
Microsoft Visual Studio Solution File, Format Version 12.00
# Visual Studio 15
VisualStudioVersion = 15.0.28307.106
MinimumVisualStudioVersion = 10.0.40219.1
Project("{F184B08F-C81C-45F6-A57F-5ABD9991F28F}") = "GlobalBusnessManager", "GlobalBusnessManager\GlobalBusnessManager.vbproj", "{DA08F8D6-C1BA-4881-80E4-1202B4388218}"
EndProject
Global
	GlobalSection(SolutionConfigurationPlatforms) = preSolution
		Debug|Any CPU = Debug|Any CPU
		Release|Any CPU = Release|Any CPU
	EndGlobalSection
	GlobalSection(ProjectConfigurationPlatforms) = postSolution
		{DA08F8D6-C1BA-4881-80E4-1202B4388218}.Debug|Any CPU.ActiveCfg = Debug|Any CPU
		{DA08F8D6-C1BA-4881-80E4-1202B4388218}.Debug|Any CPU.Build.0 = Debug|Any CPU
		{DA08F8D6-C1BA-4881-80E4-1202B4388218}.Release|Any CPU.ActiveCfg = Release|Any CPU
		{DA08F8D6-C1BA-4881-80E4-1202B4388218}.Release|Any CPU.Build.0 = Release|Any CPU
	EndGlobalSection
	GlobalSection(SolutionProperties) = preSolution
		HideSolutionNode = FALSE
	EndGlobalSection
	GlobalSection(ExtensibilityGlobals) = postSolution
		SolutionGuid = {2BFB8D3C-AF48-4E65-A0D4-B5876B4279FC}
	EndGlobalSection
EndGlobal
